
Microsoft Visual Studio Solution File, Format Version 12.00
# Visual Studio Version 16
VisualStudioVersion = 16.0.30804.86
MinimumVisualStudioVersion = 10.0.40219.1
Project("{9A19103F-16F7-4668-BE54-9A1E7A4F7556}") = "Recursion", "src\Recursion\Recursion.csproj", "{D4793C3B-519B-4D3F-9F7F-90BB9307E3E7}"
EndProject
Project("{FAE04EC0-301F-11D3-BF4B-00C04F79EFBC}") = "Prime_Numbers", "src\Prime_Numbers\Prime_Numbers.csproj", "{F0D81F50-D7C7-4D45-A1A9-DDF83047D793}"
EndProject
Global
	GlobalSection(SolutionConfigurationPlatforms) = preSolution
		Debug|Any CPU = Debug|Any CPU
		Release|Any CPU = Release|Any CPU
	EndGlobalSection
	GlobalSection(ProjectConfigurationPlatforms) = postSolution
		{D4793C3B-519B-4D3F-9F7F-90BB9307E3E7}.Debug|Any CPU.ActiveCfg = Debug|Any CPU
		{D4793C3B-519B-4D3F-9F7F-90BB9307E3E7}.Debug|Any CPU.Build.0 = Debug|Any CPU
		{D4793C3B-519B-4D3F-9F7F-90BB9307E3E7}.Release|Any CPU.ActiveCfg = Release|Any CPU
		{D4793C3B-519B-4D3F-9F7F-90BB9307E3E7}.Release|Any CPU.Build.0 = Release|Any CPU
		{F0D81F50-D7C7-4D45-A1A9-DDF83047D793}.Debug|Any CPU.ActiveCfg = Debug|Any CPU
		{F0D81F50-D7C7-4D45-A1A9-DDF83047D793}.Debug|Any CPU.Build.0 = Debug|Any CPU
		{F0D81F50-D7C7-4D45-A1A9-DDF83047D793}.Release|Any CPU.ActiveCfg = Release|Any CPU
		{F0D81F50-D7C7-4D45-A1A9-DDF83047D793}.Release|Any CPU.Build.0 = Release|Any CPU
	EndGlobalSection
	GlobalSection(SolutionProperties) = preSolution
		HideSolutionNode = FALSE
	EndGlobalSection
	GlobalSection(ExtensibilityGlobals) = postSolution
		SolutionGuid = {B07B7DA9-7560-4251-A105-CF32F63AA794}
	EndGlobalSection
EndGlobal
