
Microsoft Visual Studio Solution File, Format Version 12.00
# Visual Studio Version 16
VisualStudioVersion = 16.0.30804.86
MinimumVisualStudioVersion = 10.0.40219.1
Project("{9A19103F-16F7-4668-BE54-9A1E7A4F7556}") = "Recursion", "src\Task1\Recursion.csproj", "{A3B651E4-F870-496B-AD2B-37D6164E7651}"
EndProject
Global
	GlobalSection(SolutionConfigurationPlatforms) = preSolution
		Debug|Any CPU = Debug|Any CPU
		Release|Any CPU = Release|Any CPU
	EndGlobalSection
	GlobalSection(ProjectConfigurationPlatforms) = postSolution
		{A3B651E4-F870-496B-AD2B-37D6164E7651}.Debug|Any CPU.ActiveCfg = Debug|Any CPU
		{A3B651E4-F870-496B-AD2B-37D6164E7651}.Debug|Any CPU.Build.0 = Debug|Any CPU
		{A3B651E4-F870-496B-AD2B-37D6164E7651}.Release|Any CPU.ActiveCfg = Release|Any CPU
		{A3B651E4-F870-496B-AD2B-37D6164E7651}.Release|Any CPU.Build.0 = Release|Any CPU
	EndGlobalSection
	GlobalSection(SolutionProperties) = preSolution
		HideSolutionNode = FALSE
	EndGlobalSection
	GlobalSection(ExtensibilityGlobals) = postSolution
		SolutionGuid = {B07B7DA9-7560-4251-A105-CF32F63AA794}
	EndGlobalSection
EndGlobal
